// !$*UTF8*$!
{
	archiveVersion = 1;
	classes = {
	};
	objectVersion = 46;
	objects = {

/* Begin PBXBuildFile section */
		703A3550417A18B5A52ED578 /* libPods-UITests.a in Frameworks */ = {isa = PBXBuildFile; fileRef = 1E955879F8CEA74E74993C1F /* libPods-UITests.a */; };
		8943D93A1C10FE1700F5FBE9 /* main.m in Sources */ = {isa = PBXBuildFile; fileRef = 8943D9391C10FE1700F5FBE9 /* main.m */; };
		8943D93D1C10FE1700F5FBE9 /* AppDelegate.m in Sources */ = {isa = PBXBuildFile; fileRef = 8943D93C1C10FE1700F5FBE9 /* AppDelegate.m */; };
		8943D9491C10FE1700F5FBE9 /* Main.storyboard in Resources */ = {isa = PBXBuildFile; fileRef = 8943D9471C10FE1700F5FBE9 /* Main.storyboard */; };
		8943D94B1C10FE1700F5FBE9 /* Assets.xcassets in Resources */ = {isa = PBXBuildFile; fileRef = 8943D94A1C10FE1700F5FBE9 /* Assets.xcassets */; };
		8943D94E1C10FE1700F5FBE9 /* LaunchScreen.storyboard in Resources */ = {isa = PBXBuildFile; fileRef = 8943D94C1C10FE1700F5FBE9 /* LaunchScreen.storyboard */; };
		896570E51DF97FCB00E4BA98 /* UITests.m in Sources */ = {isa = PBXBuildFile; fileRef = 896570E41DF97FCB00E4BA98 /* UITests.m */; };
		89748CBE1E7B261100AD53A9 /* Assets.xcassets in Resources */ = {isa = PBXBuildFile; fileRef = 89748CAF1E7B261100AD53A9 /* Assets.xcassets */; };
		89748CBF1E7B261100AD53A9 /* LaunchScreen.storyboard in Resources */ = {isa = PBXBuildFile; fileRef = 89748CB11E7B261100AD53A9 /* LaunchScreen.storyboard */; };
		89748CC01E7B261100AD53A9 /* Main.storyboard in Resources */ = {isa = PBXBuildFile; fileRef = 89748CB31E7B261100AD53A9 /* Main.storyboard */; };
		89748CC11E7B261100AD53A9 /* DataViewController.m in Sources */ = {isa = PBXBuildFile; fileRef = 89748CB61E7B261100AD53A9 /* DataViewController.m */; };
		89748CC21E7B261100AD53A9 /* Info.plist in Resources */ = {isa = PBXBuildFile; fileRef = 89748CB71E7B261100AD53A9 /* Info.plist */; };
		89748CC41E7B261100AD53A9 /* ModelController.m in Sources */ = {isa = PBXBuildFile; fileRef = 89748CBA1E7B261100AD53A9 /* ModelController.m */; };
		89748CC51E7B261100AD53A9 /* RootViewController.m in Sources */ = {isa = PBXBuildFile; fileRef = 89748CBC1E7B261100AD53A9 /* RootViewController.m */; };
/* End PBXBuildFile section */

/* Begin PBXContainerItemProxy section */
		896570E71DF97FCB00E4BA98 /* PBXContainerItemProxy */ = {
			isa = PBXContainerItemProxy;
			containerPortal = 8943D92D1C10FE1700F5FBE9 /* Project object */;
			proxyType = 1;
			remoteGlobalIDString = 8943D9341C10FE1700F5FBE9;
			remoteInfo = PageTest;
		};
/* End PBXContainerItemProxy section */

/* Begin PBXCopyFilesBuildPhase section */
		8914DE451E4CE6AA00D6BE4D /* CopyFiles */ = {
			isa = PBXCopyFilesBuildPhase;
			buildActionMask = 2147483647;
			dstPath = "";
			dstSubfolderSpec = 10;
			files = (
			);
			runOnlyForDeploymentPostprocessing = 0;
		};
/* End PBXCopyFilesBuildPhase section */

/* Begin PBXFileReference section */
		1E955879F8CEA74E74993C1F /* libPods-UITests.a */ = {isa = PBXFileReference; explicitFileType = archive.ar; includeInIndex = 0; path = "libPods-UITests.a"; sourceTree = BUILT_PRODUCTS_DIR; };
		46C845B1CBBA2E720CCDCCBB /* Pods-UITests.release.xcconfig */ = {isa = PBXFileReference; includeInIndex = 1; lastKnownFileType = text.xcconfig; name = "Pods-UITests.release.xcconfig"; path = "Pods/Target Support Files/Pods-UITests/Pods-UITests.release.xcconfig"; sourceTree = "<group>"; };
		8914DE3E1E4CE19F00D6BE4D /* XCUITestExtensions.framework */ = {isa = PBXFileReference; lastKnownFileType = wrapper.framework; name = XCUITestExtensions.framework; path = "../../Library/Developer/Xcode/DerivedData/XCUITestExtensions-ewsucnrgihnttpferjkgmypdmdgm/Build/Products/Debug-iphonesimulator/XCUITestExtensions.framework"; sourceTree = "<group>"; };
		8914DE411E4CE5AA00D6BE4D /* XCUITestExtensions.framework */ = {isa = PBXFileReference; lastKnownFileType = wrapper.framework; path = XCUITestExtensions.framework; sourceTree = "<group>"; };
		8943D9351C10FE1700F5FBE9 /* PageTest.app */ = {isa = PBXFileReference; explicitFileType = wrapper.application; includeInIndex = 0; path = PageTest.app; sourceTree = BUILT_PRODUCTS_DIR; };
		8943D9391C10FE1700F5FBE9 /* main.m */ = {isa = PBXFileReference; lastKnownFileType = sourcecode.c.objc; path = main.m; sourceTree = "<group>"; };
		8943D93B1C10FE1700F5FBE9 /* AppDelegate.h */ = {isa = PBXFileReference; lastKnownFileType = sourcecode.c.h; path = AppDelegate.h; sourceTree = "<group>"; };
		8943D93C1C10FE1700F5FBE9 /* AppDelegate.m */ = {isa = PBXFileReference; lastKnownFileType = sourcecode.c.objc; path = AppDelegate.m; sourceTree = "<group>"; };
		8943D9481C10FE1700F5FBE9 /* Base */ = {isa = PBXFileReference; lastKnownFileType = file.storyboard; name = Base; path = Base.lproj/Main.storyboard; sourceTree = "<group>"; };
		8943D94A1C10FE1700F5FBE9 /* Assets.xcassets */ = {isa = PBXFileReference; lastKnownFileType = folder.assetcatalog; path = Assets.xcassets; sourceTree = "<group>"; };
		8943D94D1C10FE1700F5FBE9 /* Base */ = {isa = PBXFileReference; lastKnownFileType = file.storyboard; name = Base; path = Base.lproj/LaunchScreen.storyboard; sourceTree = "<group>"; };
		8943D94F1C10FE1700F5FBE9 /* Info.plist */ = {isa = PBXFileReference; lastKnownFileType = text.plist.xml; path = Info.plist; sourceTree = "<group>"; };
		896570E21DF97FCB00E4BA98 /* UITests.xctest */ = {isa = PBXFileReference; explicitFileType = wrapper.cfbundle; includeInIndex = 0; path = UITests.xctest; sourceTree = BUILT_PRODUCTS_DIR; };
		896570E41DF97FCB00E4BA98 /* UITests.m */ = {isa = PBXFileReference; lastKnownFileType = sourcecode.c.objc; path = UITests.m; sourceTree = "<group>"; };
		896570E61DF97FCB00E4BA98 /* Info.plist */ = {isa = PBXFileReference; lastKnownFileType = text.plist.xml; path = Info.plist; sourceTree = "<group>"; };
		89748CAF1E7B261100AD53A9 /* Assets.xcassets */ = {isa = PBXFileReference; lastKnownFileType = folder.assetcatalog; path = Assets.xcassets; sourceTree = "<group>"; };
		89748CB21E7B261100AD53A9 /* Base */ = {isa = PBXFileReference; lastKnownFileType = file.storyboard; name = Base; path = LaunchScreen.storyboard; sourceTree = "<group>"; };
		89748CB41E7B261100AD53A9 /* Base */ = {isa = PBXFileReference; lastKnownFileType = file.storyboard; name = Base; path = Main.storyboard; sourceTree = "<group>"; };
		89748CB51E7B261100AD53A9 /* DataViewController.h */ = {isa = PBXFileReference; fileEncoding = 4; lastKnownFileType = sourcecode.c.h; path = DataViewController.h; sourceTree = "<group>"; };
		89748CB61E7B261100AD53A9 /* DataViewController.m */ = {isa = PBXFileReference; fileEncoding = 4; lastKnownFileType = sourcecode.c.objc; path = DataViewController.m; sourceTree = "<group>"; };
		89748CB71E7B261100AD53A9 /* Info.plist */ = {isa = PBXFileReference; fileEncoding = 4; lastKnownFileType = text.plist.xml; path = Info.plist; sourceTree = "<group>"; };
		89748CB91E7B261100AD53A9 /* ModelController.h */ = {isa = PBXFileReference; fileEncoding = 4; lastKnownFileType = sourcecode.c.h; path = ModelController.h; sourceTree = "<group>"; };
		89748CBA1E7B261100AD53A9 /* ModelController.m */ = {isa = PBXFileReference; fileEncoding = 4; lastKnownFileType = sourcecode.c.objc; path = ModelController.m; sourceTree = "<group>"; };
		89748CBB1E7B261100AD53A9 /* RootViewController.h */ = {isa = PBXFileReference; fileEncoding = 4; lastKnownFileType = sourcecode.c.h; path = RootViewController.h; sourceTree = "<group>"; };
		89748CBC1E7B261100AD53A9 /* RootViewController.m */ = {isa = PBXFileReference; fileEncoding = 4; lastKnownFileType = sourcecode.c.objc; path = RootViewController.m; sourceTree = "<group>"; };
		DF47EB236E69E10EDA1F7432 /* Pods-UITests.debug.xcconfig */ = {isa = PBXFileReference; includeInIndex = 1; lastKnownFileType = text.xcconfig; name = "Pods-UITests.debug.xcconfig"; path = "Pods/Target Support Files/Pods-UITests/Pods-UITests.debug.xcconfig"; sourceTree = "<group>"; };
/* End PBXFileReference section */

/* Begin PBXFrameworksBuildPhase section */
		8943D9321C10FE1700F5FBE9 /* Frameworks */ = {
			isa = PBXFrameworksBuildPhase;
			buildActionMask = 2147483647;
			files = (
			);
			runOnlyForDeploymentPostprocessing = 0;
		};
		896570DF1DF97FCB00E4BA98 /* Frameworks */ = {
			isa = PBXFrameworksBuildPhase;
			buildActionMask = 2147483647;
			files = (
				703A3550417A18B5A52ED578 /* libPods-UITests.a in Frameworks */,
			);
			runOnlyForDeploymentPostprocessing = 0;
		};
/* End PBXFrameworksBuildPhase section */

/* Begin PBXGroup section */
		73B2F9D262D2316789319886 /* Pods */ = {
			isa = PBXGroup;
			children = (
				DF47EB236E69E10EDA1F7432 /* Pods-UITests.debug.xcconfig */,
				46C845B1CBBA2E720CCDCCBB /* Pods-UITests.release.xcconfig */,
			);
			name = Pods;
			sourceTree = "<group>";
		};
		8914DE3D1E4CE19E00D6BE4D /* Frameworks */ = {
			isa = PBXGroup;
			children = (
				8914DE411E4CE5AA00D6BE4D /* XCUITestExtensions.framework */,
				8914DE3E1E4CE19F00D6BE4D /* XCUITestExtensions.framework */,
				1E955879F8CEA74E74993C1F /* libPods-UITests.a */,
			);
			name = Frameworks;
			sourceTree = "<group>";
		};
		8943D92C1C10FE1700F5FBE9 = {
			isa = PBXGroup;
			children = (
				8943D9371C10FE1700F5FBE9 /* PageTest */,
				896570E31DF97FCB00E4BA98 /* UITests */,
				8943D9361C10FE1700F5FBE9 /* Products */,
				8914DE3D1E4CE19E00D6BE4D /* Frameworks */,
				73B2F9D262D2316789319886 /* Pods */,
			);
			sourceTree = "<group>";
		};
		8943D9361C10FE1700F5FBE9 /* Products */ = {
			isa = PBXGroup;
			children = (
				8943D9351C10FE1700F5FBE9 /* PageTest.app */,
				896570E21DF97FCB00E4BA98 /* UITests.xctest */,
			);
			name = Products;
			sourceTree = "<group>";
		};
		8943D9371C10FE1700F5FBE9 /* PageTest */ = {
			isa = PBXGroup;
			children = (
				89748CAF1E7B261100AD53A9 /* Assets.xcassets */,
				89748CB01E7B261100AD53A9 /* Base.lproj */,
				89748CB51E7B261100AD53A9 /* DataViewController.h */,
				89748CB61E7B261100AD53A9 /* DataViewController.m */,
				89748CB71E7B261100AD53A9 /* Info.plist */,
				89748CB91E7B261100AD53A9 /* ModelController.h */,
				89748CBA1E7B261100AD53A9 /* ModelController.m */,
				89748CBB1E7B261100AD53A9 /* RootViewController.h */,
				89748CBC1E7B261100AD53A9 /* RootViewController.m */,
				8943D93B1C10FE1700F5FBE9 /* AppDelegate.h */,
				8943D93C1C10FE1700F5FBE9 /* AppDelegate.m */,
				8943D9471C10FE1700F5FBE9 /* Main.storyboard */,
				8943D94A1C10FE1700F5FBE9 /* Assets.xcassets */,
				8943D94C1C10FE1700F5FBE9 /* LaunchScreen.storyboard */,
				8943D94F1C10FE1700F5FBE9 /* Info.plist */,
				8943D9381C10FE1700F5FBE9 /* Supporting Files */,
			);
			path = PageTest;
			sourceTree = "<group>";
		};
		8943D9381C10FE1700F5FBE9 /* Supporting Files */ = {
			isa = PBXGroup;
			children = (
				8943D9391C10FE1700F5FBE9 /* main.m */,
			);
			name = "Supporting Files";
			sourceTree = "<group>";
		};
		896570E31DF97FCB00E4BA98 /* UITests */ = {
			isa = PBXGroup;
			children = (
				896570E41DF97FCB00E4BA98 /* UITests.m */,
				896570E61DF97FCB00E4BA98 /* Info.plist */,
			);
			path = UITests;
			sourceTree = "<group>";
		};
		89748CB01E7B261100AD53A9 /* Base.lproj */ = {
			isa = PBXGroup;
			children = (
				89748CB11E7B261100AD53A9 /* LaunchScreen.storyboard */,
				89748CB31E7B261100AD53A9 /* Main.storyboard */,
			);
			path = Base.lproj;
			sourceTree = "<group>";
		};
/* End PBXGroup section */

/* Begin PBXNativeTarget section */
		8943D9341C10FE1700F5FBE9 /* PageTest */ = {
			isa = PBXNativeTarget;
			buildConfigurationList = 8943D9521C10FE1700F5FBE9 /* Build configuration list for PBXNativeTarget "PageTest" */;
			buildPhases = (
				8943D9311C10FE1700F5FBE9 /* Sources */,
				8943D9321C10FE1700F5FBE9 /* Frameworks */,
				8943D9331C10FE1700F5FBE9 /* Resources */,
			);
			buildRules = (
			);
			dependencies = (
			);
			name = PageTest;
			productName = PageTest;
			productReference = 8943D9351C10FE1700F5FBE9 /* PageTest.app */;
			productType = "com.apple.product-type.application";
		};
		896570E11DF97FCB00E4BA98 /* UITests */ = {
			isa = PBXNativeTarget;
			buildConfigurationList = 896570E91DF97FCB00E4BA98 /* Build configuration list for PBXNativeTarget "UITests" */;
			buildPhases = (
				D825F8B89E689A82EE488BD3 /* [CP] Check Pods Manifest.lock */,
				896570DE1DF97FCB00E4BA98 /* Sources */,
				896570DF1DF97FCB00E4BA98 /* Frameworks */,
				896570E01DF97FCB00E4BA98 /* Resources */,
				8914DE451E4CE6AA00D6BE4D /* CopyFiles */,
				304EB34F323F206B1096C39B /* [CP] Embed Pods Frameworks */,
				D0109C1A4B94A04AD14FFEFB /* [CP] Copy Pods Resources */,
			);
			buildRules = (
			);
			dependencies = (
				896570E81DF97FCB00E4BA98 /* PBXTargetDependency */,
			);
			name = UITests;
			productName = UITests;
			productReference = 896570E21DF97FCB00E4BA98 /* UITests.xctest */;
			productType = "com.apple.product-type.bundle.ui-testing";
		};
/* End PBXNativeTarget section */

/* Begin PBXProject section */
		8943D92D1C10FE1700F5FBE9 /* Project object */ = {
			isa = PBXProject;
			attributes = {
				LastUpgradeCheck = 0820;
				ORGANIZATIONNAME = cfuentes;
				TargetAttributes = {
					8943D9341C10FE1700F5FBE9 = {
						CreatedOnToolsVersion = 7.1.1;
						DevelopmentTeam = FYD86LA7RE;
						ProvisioningStyle = Automatic;
					};
					896570E11DF97FCB00E4BA98 = {
						CreatedOnToolsVersion = 8.1;
						DevelopmentTeam = FYD86LA7RE;
						ProvisioningStyle = Automatic;
						TestTargetID = 8943D9341C10FE1700F5FBE9;
					};
				};
			};
			buildConfigurationList = 8943D9301C10FE1700F5FBE9 /* Build configuration list for PBXProject "PageTest" */;
			compatibilityVersion = "Xcode 3.2";
			developmentRegion = English;
			hasScannedForEncodings = 0;
			knownRegions = (
				en,
				Base,
			);
			mainGroup = 8943D92C1C10FE1700F5FBE9;
			productRefGroup = 8943D9361C10FE1700F5FBE9 /* Products */;
			projectDirPath = "";
			projectRoot = "";
			targets = (
				8943D9341C10FE1700F5FBE9 /* PageTest */,
				896570E11DF97FCB00E4BA98 /* UITests */,
			);
		};
/* End PBXProject section */

/* Begin PBXResourcesBuildPhase section */
		8943D9331C10FE1700F5FBE9 /* Resources */ = {
			isa = PBXResourcesBuildPhase;
			buildActionMask = 2147483647;
			files = (
				8943D94E1C10FE1700F5FBE9 /* LaunchScreen.storyboard in Resources */,
				8943D94B1C10FE1700F5FBE9 /* Assets.xcassets in Resources */,
				89748CBE1E7B261100AD53A9 /* Assets.xcassets in Resources */,
				89748CC01E7B261100AD53A9 /* Main.storyboard in Resources */,
				89748CBF1E7B261100AD53A9 /* LaunchScreen.storyboard in Resources */,
				8943D9491C10FE1700F5FBE9 /* Main.storyboard in Resources */,
				89748CC21E7B261100AD53A9 /* Info.plist in Resources */,
			);
			runOnlyForDeploymentPostprocessing = 0;
		};
		896570E01DF97FCB00E4BA98 /* Resources */ = {
			isa = PBXResourcesBuildPhase;
			buildActionMask = 2147483647;
			files = (
			);
			runOnlyForDeploymentPostprocessing = 0;
		};
/* End PBXResourcesBuildPhase section */

/* Begin PBXShellScriptBuildPhase section */
		304EB34F323F206B1096C39B /* [CP] Embed Pods Frameworks */ = {
			isa = PBXShellScriptBuildPhase;
			buildActionMask = 2147483647;
			files = (
			);
			inputPaths = (
			);
			name = "[CP] Embed Pods Frameworks";
			outputPaths = (
			);
			runOnlyForDeploymentPostprocessing = 0;
			shellPath = /bin/sh;
			shellScript = "\"${SRCROOT}/Pods/Target Support Files/Pods-UITests/Pods-UITests-frameworks.sh\"\n";
			showEnvVarsInLog = 0;
		};
		D0109C1A4B94A04AD14FFEFB /* [CP] Copy Pods Resources */ = {
			isa = PBXShellScriptBuildPhase;
			buildActionMask = 2147483647;
			files = (
			);
			inputPaths = (
			);
			name = "[CP] Copy Pods Resources";
			outputPaths = (
			);
			runOnlyForDeploymentPostprocessing = 0;
			shellPath = /bin/sh;
			shellScript = "\"${SRCROOT}/Pods/Target Support Files/Pods-UITests/Pods-UITests-resources.sh\"\n";
			showEnvVarsInLog = 0;
		};
		D825F8B89E689A82EE488BD3 /* [CP] Check Pods Manifest.lock */ = {
			isa = PBXShellScriptBuildPhase;
			buildActionMask = 2147483647;
			files = (
			);
			inputPaths = (
			);
			name = "[CP] Check Pods Manifest.lock";
			outputPaths = (
			);
			runOnlyForDeploymentPostprocessing = 0;
			shellPath = /bin/sh;
			shellScript = "diff \"${PODS_ROOT}/../Podfile.lock\" \"${PODS_ROOT}/Manifest.lock\" > /dev/null\nif [ $? != 0 ] ; then\n    # print error to STDERR\n    echo \"error: The sandbox is not in sync with the Podfile.lock. Run 'pod install' or update your CocoaPods installation.\" >&2\n    exit 1\nfi\n";
			showEnvVarsInLog = 0;
		};
/* End PBXShellScriptBuildPhase section */

/* Begin PBXSourcesBuildPhase section */
		8943D9311C10FE1700F5FBE9 /* Sources */ = {
			isa = PBXSourcesBuildPhase;
			buildActionMask = 2147483647;
			files = (
				8943D93D1C10FE1700F5FBE9 /* AppDelegate.m in Sources */,
				89748CC11E7B261100AD53A9 /* DataViewController.m in Sources */,
				89748CC51E7B261100AD53A9 /* RootViewController.m in Sources */,
				8943D93A1C10FE1700F5FBE9 /* main.m in Sources */,
				89748CC41E7B261100AD53A9 /* ModelController.m in Sources */,
			);
			runOnlyForDeploymentPostprocessing = 0;
		};
		896570DE1DF97FCB00E4BA98 /* Sources */ = {
			isa = PBXSourcesBuildPhase;
			buildActionMask = 2147483647;
			files = (
				896570E51DF97FCB00E4BA98 /* UITests.m in Sources */,
			);
			runOnlyForDeploymentPostprocessing = 0;
		};
/* End PBXSourcesBuildPhase section */

/* Begin PBXTargetDependency section */
		896570E81DF97FCB00E4BA98 /* PBXTargetDependency */ = {
			isa = PBXTargetDependency;
			target = 8943D9341C10FE1700F5FBE9 /* PageTest */;
			targetProxy = 896570E71DF97FCB00E4BA98 /* PBXContainerItemProxy */;
		};
/* End PBXTargetDependency section */

/* Begin PBXVariantGroup section */
		8943D9471C10FE1700F5FBE9 /* Main.storyboard */ = {
			isa = PBXVariantGroup;
			children = (
				8943D9481C10FE1700F5FBE9 /* Base */,
			);
			name = Main.storyboard;
			sourceTree = "<group>";
		};
		8943D94C1C10FE1700F5FBE9 /* LaunchScreen.storyboard */ = {
			isa = PBXVariantGroup;
			children = (
				8943D94D1C10FE1700F5FBE9 /* Base */,
			);
			name = LaunchScreen.storyboard;
			sourceTree = "<group>";
		};
		89748CB11E7B261100AD53A9 /* LaunchScreen.storyboard */ = {
			isa = PBXVariantGroup;
			children = (
				89748CB21E7B261100AD53A9 /* Base */,
			);
			name = LaunchScreen.storyboard;
			sourceTree = "<group>";
		};
		89748CB31E7B261100AD53A9 /* Main.storyboard */ = {
			isa = PBXVariantGroup;
			children = (
				89748CB41E7B261100AD53A9 /* Base */,
			);
			name = Main.storyboard;
			sourceTree = "<group>";
		};
/* End PBXVariantGroup section */

/* Begin XCBuildConfiguration section */
		8943D9501C10FE1700F5FBE9 /* Debug */ = {
			isa = XCBuildConfiguration;
			buildSettings = {
				ALWAYS_SEARCH_USER_PATHS = NO;
				CLANG_CXX_LANGUAGE_STANDARD = "gnu++0x";
				CLANG_CXX_LIBRARY = "libc++";
				CLANG_ENABLE_MODULES = YES;
				CLANG_ENABLE_OBJC_ARC = YES;
				CLANG_WARN_BOOL_CONVERSION = YES;
				CLANG_WARN_CONSTANT_CONVERSION = YES;
				CLANG_WARN_DIRECT_OBJC_ISA_USAGE = YES_ERROR;
				CLANG_WARN_EMPTY_BODY = YES;
				CLANG_WARN_ENUM_CONVERSION = YES;
				CLANG_WARN_INFINITE_RECURSION = YES;
				CLANG_WARN_INT_CONVERSION = YES;
				CLANG_WARN_OBJC_ROOT_CLASS = YES_ERROR;
				CLANG_WARN_SUSPICIOUS_MOVE = YES;
				CLANG_WARN_UNREACHABLE_CODE = YES;
				CLANG_WARN__DUPLICATE_METHOD_MATCH = YES;
				"CODE_SIGN_IDENTITY[sdk=iphoneos*]" = "iPhone Developer";
				COPY_PHASE_STRIP = NO;
				DEBUG_INFORMATION_FORMAT = dwarf;
				ENABLE_STRICT_OBJC_MSGSEND = YES;
				ENABLE_TESTABILITY = YES;
				GCC_C_LANGUAGE_STANDARD = gnu99;
				GCC_DYNAMIC_NO_PIC = NO;
				GCC_NO_COMMON_BLOCKS = YES;
				GCC_OPTIMIZATION_LEVEL = 0;
				GCC_PREPROCESSOR_DEFINITIONS = (
					"DEBUG=1",
					"$(inherited)",
				);
				GCC_WARN_64_TO_32_BIT_CONVERSION = YES;
				GCC_WARN_ABOUT_RETURN_TYPE = YES_ERROR;
				GCC_WARN_UNDECLARED_SELECTOR = YES;
				GCC_WARN_UNINITIALIZED_AUTOS = YES_AGGRESSIVE;
				GCC_WARN_UNUSED_FUNCTION = YES;
				GCC_WARN_UNUSED_VARIABLE = YES;
				IPHONEOS_DEPLOYMENT_TARGET = 9.1;
				MTL_ENABLE_DEBUG_INFO = YES;
				ONLY_ACTIVE_ARCH = YES;
				SDKROOT = iphoneos;
				TARGETED_DEVICE_FAMILY = "1,2";
			};
			name = Debug;
		};
		8943D9511C10FE1700F5FBE9 /* Release */ = {
			isa = XCBuildConfiguration;
			buildSettings = {
				ALWAYS_SEARCH_USER_PATHS = NO;
				CLANG_CXX_LANGUAGE_STANDARD = "gnu++0x";
				CLANG_CXX_LIBRARY = "libc++";
				CLANG_ENABLE_MODULES = YES;
				CLANG_ENABLE_OBJC_ARC = YES;
				CLANG_WARN_BOOL_CONVERSION = YES;
				CLANG_WARN_CONSTANT_CONVERSION = YES;
				CLANG_WARN_DIRECT_OBJC_ISA_USAGE = YES_ERROR;
				CLANG_WARN_EMPTY_BODY = YES;
				CLANG_WARN_ENUM_CONVERSION = YES;
				CLANG_WARN_INFINITE_RECURSION = YES;
				CLANG_WARN_INT_CONVERSION = YES;
				CLANG_WARN_OBJC_ROOT_CLASS = YES_ERROR;
				CLANG_WARN_SUSPICIOUS_MOVE = YES;
				CLANG_WARN_UNREACHABLE_CODE = YES;
				CLANG_WARN__DUPLICATE_METHOD_MATCH = YES;
				"CODE_SIGN_IDENTITY[sdk=iphoneos*]" = "iPhone Developer";
				COPY_PHASE_STRIP = NO;
				DEBUG_INFORMATION_FORMAT = "dwarf-with-dsym";
				ENABLE_NS_ASSERTIONS = NO;
				ENABLE_STRICT_OBJC_MSGSEND = YES;
				GCC_C_LANGUAGE_STANDARD = gnu99;
				GCC_NO_COMMON_BLOCKS = YES;
				GCC_WARN_64_TO_32_BIT_CONVERSION = YES;
				GCC_WARN_ABOUT_RETURN_TYPE = YES_ERROR;
				GCC_WARN_UNDECLARED_SELECTOR = YES;
				GCC_WARN_UNINITIALIZED_AUTOS = YES_AGGRESSIVE;
				GCC_WARN_UNUSED_FUNCTION = YES;
				GCC_WARN_UNUSED_VARIABLE = YES;
				IPHONEOS_DEPLOYMENT_TARGET = 9.1;
				MTL_ENABLE_DEBUG_INFO = NO;
				SDKROOT = iphoneos;
				TARGETED_DEVICE_FAMILY = "1,2";
				VALIDATE_PRODUCT = YES;
			};
			name = Release;
		};
		8943D9531C10FE1700F5FBE9 /* Debug */ = {
			isa = XCBuildConfiguration;
			buildSettings = {
				ASSETCATALOG_COMPILER_APPICON_NAME = AppIcon;
				"CODE_SIGN_IDENTITY[sdk=iphoneos*]" = "iPhone Developer";
				DEVELOPMENT_TEAM = FYD86LA7RE;
				INFOPLIST_FILE = PageTest/Info.plist;
				LD_RUNPATH_SEARCH_PATHS = "$(inherited) @executable_path/Frameworks";
				PRODUCT_BUNDLE_IDENTIFIER = io.chrisf.PageTest;
				PRODUCT_NAME = "$(TARGET_NAME)";
				PROVISIONING_PROFILE = "";
				PROVISIONING_PROFILE_SPECIFIER = "";
			};
			name = Debug;
		};
		8943D9541C10FE1700F5FBE9 /* Release */ = {
			isa = XCBuildConfiguration;
			buildSettings = {
				ASSETCATALOG_COMPILER_APPICON_NAME = AppIcon;
				"CODE_SIGN_IDENTITY[sdk=iphoneos*]" = "iPhone Developer";
				DEVELOPMENT_TEAM = FYD86LA7RE;
				INFOPLIST_FILE = PageTest/Info.plist;
				LD_RUNPATH_SEARCH_PATHS = "$(inherited) @executable_path/Frameworks";
				PRODUCT_BUNDLE_IDENTIFIER = io.chrisf.PageTest;
				PRODUCT_NAME = "$(TARGET_NAME)";
			};
			name = Release;
		};
		896570EA1DF97FCB00E4BA98 /* Debug */ = {
			isa = XCBuildConfiguration;
			baseConfigurationReference = DF47EB236E69E10EDA1F7432 /* Pods-UITests.debug.xcconfig */;
			buildSettings = {
				CLANG_ANALYZER_NONNULL = YES;
				CLANG_WARN_DOCUMENTATION_COMMENTS = YES;
				CLANG_WARN_INFINITE_RECURSION = YES;
				CLANG_WARN_SUSPICIOUS_MOVES = YES;
				DEVELOPMENT_TEAM = FYD86LA7RE;
				FRAMEWORK_SEARCH_PATHS = (
					"$(inherited)",
					"$(PROJECT_DIR)",
				);
				INFOPLIST_FILE = UITests/Info.plist;
				IPHONEOS_DEPLOYMENT_TARGET = 10.1;
				LD_RUNPATH_SEARCH_PATHS = "$(inherited) @executable_path/Frameworks @loader_path/Frameworks";
				PRODUCT_BUNDLE_IDENTIFIER = sh.calabash.UITests;
				PRODUCT_NAME = "$(TARGET_NAME)";
				TEST_TARGET_NAME = PageTest;
			};
			name = Debug;
		};
		896570EB1DF97FCB00E4BA98 /* Release */ = {
			isa = XCBuildConfiguration;
			baseConfigurationReference = 46C845B1CBBA2E720CCDCCBB /* Pods-UITests.release.xcconfig */;
			buildSettings = {
				CLANG_ANALYZER_NONNULL = YES;
				CLANG_WARN_DOCUMENTATION_COMMENTS = YES;
				CLANG_WARN_INFINITE_RECURSION = YES;
				CLANG_WARN_SUSPICIOUS_MOVES = YES;
				DEVELOPMENT_TEAM = FYD86LA7RE;
				FRAMEWORK_SEARCH_PATHS = (
					"$(inherited)",
					"$(PROJECT_DIR)",
				);
				INFOPLIST_FILE = UITests/Info.plist;
				IPHONEOS_DEPLOYMENT_TARGET = 10.1;
				LD_RUNPATH_SEARCH_PATHS = "$(inherited) @executable_path/Frameworks @loader_path/Frameworks";
				PRODUCT_BUNDLE_IDENTIFIER = sh.calabash.UITests;
				PRODUCT_NAME = "$(TARGET_NAME)";
				TEST_TARGET_NAME = PageTest;
			};
			name = Release;
		};
/* End XCBuildConfiguration section */

/* Begin XCConfigurationList section */
		8943D9301C10FE1700F5FBE9 /* Build configuration list for PBXProject "PageTest" */ = {
			isa = XCConfigurationList;
			buildConfigurations = (
				8943D9501C10FE1700F5FBE9 /* Debug */,
				8943D9511C10FE1700F5FBE9 /* Release */,
			);
			defaultConfigurationIsVisible = 0;
			defaultConfigurationName = Release;
		};
		8943D9521C10FE1700F5FBE9 /* Build configuration list for PBXNativeTarget "PageTest" */ = {
			isa = XCConfigurationList;
			buildConfigurations = (
				8943D9531C10FE1700F5FBE9 /* Debug */,
				8943D9541C10FE1700F5FBE9 /* Release */,
			);
			defaultConfigurationIsVisible = 0;
			defaultConfigurationName = Release;
		};
		896570E91DF97FCB00E4BA98 /* Build configuration list for PBXNativeTarget "UITests" */ = {
			isa = XCConfigurationList;
			buildConfigurations = (
				896570EA1DF97FCB00E4BA98 /* Debug */,
				896570EB1DF97FCB00E4BA98 /* Release */,
			);
			defaultConfigurationIsVisible = 0;
			defaultConfigurationName = Release;
		};
/* End XCConfigurationList section */
	};
	rootObject = 8943D92D1C10FE1700F5FBE9 /* Project object */;
}
